
Microsoft Visual Studio Solution File, Format Version 12.00
# Visual Studio Version 17
VisualStudioVersion = 17.0.32112.339
MinimumVisualStudioVersion = 10.0.40219.1
Project("{8BC9CEB8-8B4A-11D0-8D11-00A0C91BC942}") = "AlgLab1", "AlgLab1\AlgLab1.vcxproj", "{F86164C0-B3E6-4AD5-AFBA-CEADA64AE00F}"
EndProject
Global
	GlobalSection(SolutionConfigurationPlatforms) = preSolution
		Debug|x64 = Debug|x64
		Debug|x86 = Debug|x86
		Release|x64 = Release|x64
		Release|x86 = Release|x86
	EndGlobalSection
	GlobalSection(ProjectConfigurationPlatforms) = postSolution
		{F86164C0-B3E6-4AD5-AFBA-CEADA64AE00F}.Debug|x64.ActiveCfg = Debug|x64
		{F86164C0-B3E6-4AD5-AFBA-CEADA64AE00F}.Debug|x64.Build.0 = Debug|x64
		{F86164C0-B3E6-4AD5-AFBA-CEADA64AE00F}.Debug|x86.ActiveCfg = Debug|Win32
		{F86164C0-B3E6-4AD5-AFBA-CEADA64AE00F}.Debug|x86.Build.0 = Debug|Win32
		{F86164C0-B3E6-4AD5-AFBA-CEADA64AE00F}.Release|x64.ActiveCfg = Release|x64
		{F86164C0-B3E6-4AD5-AFBA-CEADA64AE00F}.Release|x64.Build.0 = Release|x64
		{F86164C0-B3E6-4AD5-AFBA-CEADA64AE00F}.Release|x86.ActiveCfg = Release|Win32
		{F86164C0-B3E6-4AD5-AFBA-CEADA64AE00F}.Release|x86.Build.0 = Release|Win32
	EndGlobalSection
	GlobalSection(SolutionProperties) = preSolution
		HideSolutionNode = FALSE
	EndGlobalSection
	GlobalSection(ExtensibilityGlobals) = postSolution
		SolutionGuid = {E9871063-750F-4AA8-852E-C4E705BB4E69}
	EndGlobalSection
EndGlobal
